# This file was autogenerated by Stack.
# You should not edit this file by hand.
# For more information, please see the documentation at:
#   https://docs.haskellstack.org/en/stable/topics/lock_files

packages:
- completed:
    hackage: happy-lib-2.1.7@sha256:e15498775b118d8985275573e2659d248e66f75e076f09adb85be38e4edfb0dd,6081
    pantry-tree:
      sha256: 475924c09b5fbeb89612fa8abcfbee1dfc52e35ca098d91ae6493874124d3470
      size: 2493
  original:
    hackage: happy-lib-2.1.7@sha256:e15498775b118d8985275573e2659d248e66f75e076f09adb85be38e4edfb0dd,6081
snapshots: []
